
Microsoft Visual Studio Solution File, Format Version 12.00
# Visual Studio Version 17
VisualStudioVersion = 17.3.32929.385
MinimumVisualStudioVersion = 10.0.40219.1
Project("{FAE04EC0-301F-11D3-BF4B-00C04F79EFBC}") = "Website2", "Website2.csproj", "{89756CEB-D9A2-470B-A4C0-438ED6B40C18}"
EndProject
Global
	GlobalSection(SolutionConfigurationPlatforms) = preSolution
		Debug|Any CPU = Debug|Any CPU
		Release|Any CPU = Release|Any CPU
	EndGlobalSection
	GlobalSection(ProjectConfigurationPlatforms) = postSolution
		{89756CEB-D9A2-470B-A4C0-438ED6B40C18}.Debug|Any CPU.ActiveCfg = Debug|Any CPU
		{89756CEB-D9A2-470B-A4C0-438ED6B40C18}.Debug|Any CPU.Build.0 = Debug|Any CPU
		{89756CEB-D9A2-470B-A4C0-438ED6B40C18}.Release|Any CPU.ActiveCfg = Release|Any CPU
		{89756CEB-D9A2-470B-A4C0-438ED6B40C18}.Release|Any CPU.Build.0 = Release|Any CPU
	EndGlobalSection
	GlobalSection(SolutionProperties) = preSolution
		HideSolutionNode = FALSE
	EndGlobalSection
	GlobalSection(ExtensibilityGlobals) = postSolution
		SolutionGuid = {1ABEC0E5-2992-442B-B86A-1E15CACA42E7}
	EndGlobalSection
EndGlobal
